
Microsoft Visual Studio Solution File, Format Version 12.00
# Visual Studio Version 17
VisualStudioVersion = 17.7.34302.85
MinimumVisualStudioVersion = 10.0.40219.1
Project("{9A19103F-16F7-4668-BE54-9A1E7A4F7556}") = "server", "server.csproj", "{35926495-B1EB-48B8-B52A-3566783F3777}"
EndProject
Global
	GlobalSection(SolutionConfigurationPlatforms) = preSolution
		Debug|Any CPU = Debug|Any CPU
		Release|Any CPU = Release|Any CPU
	EndGlobalSection
	GlobalSection(ProjectConfigurationPlatforms) = postSolution
		{35926495-B1EB-48B8-B52A-3566783F3777}.Debug|Any CPU.ActiveCfg = Debug|Any CPU
		{35926495-B1EB-48B8-B52A-3566783F3777}.Debug|Any CPU.Build.0 = Debug|Any CPU
		{35926495-B1EB-48B8-B52A-3566783F3777}.Release|Any CPU.ActiveCfg = Release|Any CPU
		{35926495-B1EB-48B8-B52A-3566783F3777}.Release|Any CPU.Build.0 = Release|Any CPU
	EndGlobalSection
	GlobalSection(SolutionProperties) = preSolution
		HideSolutionNode = FALSE
	EndGlobalSection
	GlobalSection(ExtensibilityGlobals) = postSolution
		SolutionGuid = {6B9B8652-6E78-4826-AC8A-0EE4451207E8}
	EndGlobalSection
EndGlobal
